
Microsoft Visual Studio Solution File, Format Version 12.00
# Visual Studio Version 17
VisualStudioVersion = 17.9.34607.119
MinimumVisualStudioVersion = 10.0.40219.1
Project("{FAE04EC0-301F-11D3-BF4B-00C04F79EFBC}") = "esercizio1-mvc-backend", "esercizio1-mvc-backend\esercizio1-mvc-backend.csproj", "{A29CEAAD-EBD6-4CB0-B0FF-FB40BB3BDD3C}"
EndProject
Global
	GlobalSection(SolutionConfigurationPlatforms) = preSolution
		Debug|Any CPU = Debug|Any CPU
		Release|Any CPU = Release|Any CPU
	EndGlobalSection
	GlobalSection(ProjectConfigurationPlatforms) = postSolution
		{A29CEAAD-EBD6-4CB0-B0FF-FB40BB3BDD3C}.Debug|Any CPU.ActiveCfg = Debug|Any CPU
		{A29CEAAD-EBD6-4CB0-B0FF-FB40BB3BDD3C}.Debug|Any CPU.Build.0 = Debug|Any CPU
		{A29CEAAD-EBD6-4CB0-B0FF-FB40BB3BDD3C}.Release|Any CPU.ActiveCfg = Release|Any CPU
		{A29CEAAD-EBD6-4CB0-B0FF-FB40BB3BDD3C}.Release|Any CPU.Build.0 = Release|Any CPU
	EndGlobalSection
	GlobalSection(SolutionProperties) = preSolution
		HideSolutionNode = FALSE
	EndGlobalSection
	GlobalSection(ExtensibilityGlobals) = postSolution
		SolutionGuid = {BCC4A5F1-43CA-43C7-B74B-0772B397928D}
	EndGlobalSection
EndGlobal
